# THIS IS AN AUTOGENERATED FILE. DO NOT EDIT THIS FILE DIRECTLY.
# yarn lockfile v1


"@nodelib/fs.scandir@2.1.3":
  version "2.1.3"
  resolved "https://registry.npm.taobao.org/@nodelib/fs.scandir/download/@nodelib/fs.scandir-2.1.3.tgz#3a582bdb53804c6ba6d146579c46e52130cf4a3b"
  integrity sha1-Olgr21OATGum0UZXnEblITDPSjs=
  dependencies:
    "@nodelib/fs.stat" "2.0.3"
    run-parallel "^1.1.9"

"@nodelib/fs.stat@2.0.3", "@nodelib/fs.stat@^2.0.2":
  version "2.0.3"
  resolved "https://registry.npm.taobao.org/@nodelib/fs.stat/download/@nodelib/fs.stat-2.0.3.tgz#34dc5f4cabbc720f4e60f75a747e7ecd6c175bd3"
  integrity sha1-NNxfTKu8cg9OYPdadH5+zWwXW9M=

"@nodelib/fs.walk@^1.2.3":
  version "1.2.4"
  resolved "https://registry.npm.taobao.org/@nodelib/fs.walk/download/@nodelib/fs.walk-1.2.4.tgz#011b9202a70a6366e436ca5c065844528ab04976"
  integrity sha1-ARuSAqcKY2bkNspcBlhEUoqwSXY=
  dependencies:
    "@nodelib/fs.scandir" "2.1.3"
    fastq "^1.6.0"

"@npmcli/move-file@^1.0.1":
  version "1.0.1"
  resolved "https://registry.npm.taobao.org/@npmcli/move-file/download/@npmcli/move-file-1.0.1.tgz#de103070dac0f48ce49cf6693c23af59c0f70464"
  integrity sha1-3hAwcNrA9IzknPZpPCOvWcD3BGQ=
  dependencies:
    mkdirp "^1.0.4"

"@types/json-schema@^7.0.4":
  version "7.0.5"
  resolved "https://registry.npm.taobao.org/@types/json-schema/download/@types/json-schema-7.0.5.tgz#dcce4430e64b443ba8945f0290fb564ad5bac6dd"
  integrity sha1-3M5EMOZLRDuolF8CkPtWStW6xt0=

aggregate-error@^3.0.0:
  version "3.0.1"
  resolved "https://registry.npm.taobao.org/aggregate-error/download/aggregate-error-3.0.1.tgz#db2fe7246e536f40d9b5442a39e117d7dd6a24e0"
  integrity sha1-2y/nJG5Tb0DZtUQqOeEX191qJOA=
  dependencies:
    clean-stack "^2.0.0"
    indent-string "^4.0.0"

ajv-keywords@^3.4.1:
  version "3.5.2"
  resolved "https://registry.npm.taobao.org/ajv-keywords/download/ajv-keywords-3.5.2.tgz?cache=0&sync_timestamp=1595907068923&other_urls=https%3A%2F%2Fregistry.npm.taobao.org%2Fajv-keywords%2Fdownload%2Fajv-keywords-3.5.2.tgz#31f29da5ab6e00d1c2d329acf7b5929614d5014d"
  integrity sha1-MfKdpatuANHC0yms97WSlhTVAU0=

ajv@^6.12.2:
  version "6.12.4"
  resolved "https://registry.npm.taobao.org/ajv/download/ajv-6.12.4.tgz?cache=0&sync_timestamp=1597480799381&other_urls=https%3A%2F%2Fregistry.npm.taobao.org%2Fajv%2Fdownload%2Fajv-6.12.4.tgz#0614facc4522127fa713445c6bfd3ebd376e2234"
  integrity sha1-BhT6zEUiEn+nE0Rca/0+vTduIjQ=
  dependencies:
    fast-deep-equal "^3.1.1"
    fast-json-stable-stringify "^2.0.0"
    json-schema-traverse "^0.4.1"
    uri-js "^4.2.2"

array-union@^2.1.0:
  version "2.1.0"
  resolved "https://registry.npm.taobao.org/array-union/download/array-union-2.1.0.tgz#b798420adbeb1de828d84acd8a2e23d3efe85e8d"
  integrity sha1-t5hCCtvrHego2ErNii4j0+/oXo0=

balanced-match@^1.0.0:
  version "1.0.0"
  resolved "https://registry.npm.taobao.org/balanced-match/download/balanced-match-1.0.0.tgz#89b4d199ab2bee49de164ea02b89ce462d71b767"
  integrity sha1-ibTRmasr7kneFk6gK4nORi1xt2c=

big.js@^5.2.2:
  version "5.2.2"
  resolved "https://registry.npm.taobao.org/big.js/download/big.js-5.2.2.tgz#65f0af382f578bcdc742bd9c281e9cb2d7768328"
  integrity sha1-ZfCvOC9Xi83HQr2cKB6cstd2gyg=

brace-expansion@^1.1.7:
  version "1.1.11"
  resolved "https://registry.npm.taobao.org/brace-expansion/download/brace-expansion-1.1.11.tgz#3c7fcbf529d87226f3d2f52b966ff5271eb441dd"
  integrity sha1-PH/L9SnYcibz0vUrlm/1Jx60Qd0=
  dependencies:
    balanced-match "^1.0.0"
    concat-map "0.0.1"

braces@^3.0.1:
  version "3.0.2"
  resolved "https://registry.npm.taobao.org/braces/download/braces-3.0.2.tgz#3454e1a462ee8d599e236df336cd9ea4f8afe107"
  integrity sha1-NFThpGLujVmeI23zNs2epPiv4Qc=
  dependencies:
    fill-range "^7.0.1"

cacache@^15.0.4:
  version "15.0.5"
  resolved "https://registry.npm.taobao.org/cacache/download/cacache-15.0.5.tgz?cache=0&sync_timestamp=1594428108619&other_urls=https%3A%2F%2Fregistry.npm.taobao.org%2Fcacache%2Fdownload%2Fcacache-15.0.5.tgz#69162833da29170d6732334643c60e005f5f17d0"
  integrity sha1-aRYoM9opFw1nMjNGQ8YOAF9fF9A=
  dependencies:
    "@npmcli/move-file" "^1.0.1"
    chownr "^2.0.0"
    fs-minipass "^2.0.0"
    glob "^7.1.4"
    infer-owner "^1.0.4"
    lru-cache "^6.0.0"
    minipass "^3.1.1"
    minipass-collect "^1.0.2"
    minipass-flush "^1.0.5"
    minipass-pipeline "^1.2.2"
    mkdirp "^1.0.3"
    p-map "^4.0.0"
    promise-inflight "^1.0.1"
    rimraf "^3.0.2"
    ssri "^8.0.0"
    tar "^6.0.2"
    unique-filename "^1.1.1"

chownr@^2.0.0:
  version "2.0.0"
  resolved "https://registry.npm.taobao.org/chownr/download/chownr-2.0.0.tgz#15bfbe53d2eab4cf70f18a8cd68ebe5b3cb1dece"
  integrity sha1-Fb++U9LqtM9w8YqM1o6+Wzyx3s4=

clean-stack@^2.0.0:
  version "2.2.0"
  resolved "https://registry.npm.taobao.org/clean-stack/download/clean-stack-2.2.0.tgz?cache=0&sync_timestamp=1592035183333&other_urls=https%3A%2F%2Fregistry.npm.taobao.org%2Fclean-stack%2Fdownload%2Fclean-stack-2.2.0.tgz#ee8472dbb129e727b31e8a10a427dee9dfe4008b"
  integrity sha1-7oRy27Ep5yezHooQpCfe6d/kAIs=

commondir@^1.0.1:
  version "1.0.1"
  resolved "https://registry.npm.taobao.org/commondir/download/commondir-1.0.1.tgz#ddd800da0c66127393cca5950ea968a3aaf1253b"
  integrity sha1-3dgA2gxmEnOTzKWVDqloo6rxJTs=

concat-map@0.0.1:
  version "0.0.1"
  resolved "https://registry.npm.taobao.org/concat-map/download/concat-map-0.0.1.tgz#d8a96bd77fd68df7793a73036a3ba0d5405d477b"
  integrity sha1-2Klr13/Wjfd5OnMDajug1UBdR3s=

copy-webpack-plugin@^6.0.3:
  version "6.0.3"
  resolved "https://registry.npm.taobao.org/copy-webpack-plugin/download/copy-webpack-plugin-6.0.3.tgz#2b3d2bfc6861b96432a65f0149720adbd902040b"
  integrity sha1-Kz0r/GhhuWQypl8BSXIK29kCBAs=
  dependencies:
    cacache "^15.0.4"
    fast-glob "^3.2.4"
    find-cache-dir "^3.3.1"
    glob-parent "^5.1.1"
    globby "^11.0.1"
    loader-utils "^2.0.0"
    normalize-path "^3.0.0"
    p-limit "^3.0.1"
    schema-utils "^2.7.0"
    serialize-javascript "^4.0.0"
    webpack-sources "^1.4.3"

dir-glob@^3.0.1:
  version "3.0.1"
  resolved "https://registry.npm.taobao.org/dir-glob/download/dir-glob-3.0.1.tgz#56dbf73d992a4a93ba1584f4534063fd2e41717f"
  integrity sha1-Vtv3PZkqSpO6FYT0U0Bj/S5BcX8=
  dependencies:
    path-type "^4.0.0"

emojis-list@^3.0.0:
  version "3.0.0"
  resolved "https://registry.npm.taobao.org/emojis-list/download/emojis-list-3.0.0.tgz#5570662046ad29e2e916e71aae260abdff4f6a78"
  integrity sha1-VXBmIEatKeLpFucariYKvf9Pang=

fast-deep-equal@^3.1.1:
  version "3.1.3"
  resolved "https://registry.npm.taobao.org/fast-deep-equal/download/fast-deep-equal-3.1.3.tgz?cache=0&sync_timestamp=1591599651635&other_urls=https%3A%2F%2Fregistry.npm.taobao.org%2Ffast-deep-equal%2Fdownload%2Ffast-deep-equal-3.1.3.tgz#3a7d56b559d6cbc3eb512325244e619a65c6c525"
  integrity sha1-On1WtVnWy8PrUSMlJE5hmmXGxSU=

fast-glob@^3.1.1, fast-glob@^3.2.4:
  version "3.2.4"
  resolved "https://registry.npm.taobao.org/fast-glob/download/fast-glob-3.2.4.tgz?cache=0&sync_timestamp=1592290365180&other_urls=https%3A%2F%2Fregistry.npm.taobao.org%2Ffast-glob%2Fdownload%2Ffast-glob-3.2.4.tgz#d20aefbf99579383e7f3cc66529158c9b98554d3"
  integrity sha1-0grvv5lXk4Pn88xmUpFYybmFVNM=
  dependencies:
    "@nodelib/fs.stat" "^2.0.2"
    "@nodelib/fs.walk" "^1.2.3"
    glob-parent "^5.1.0"
    merge2 "^1.3.0"
    micromatch "^4.0.2"
    picomatch "^2.2.1"

fast-json-stable-stringify@^2.0.0:
  version "2.1.0"
  resolved "https://registry.npm.taobao.org/fast-json-stable-stringify/download/fast-json-stable-stringify-2.1.0.tgz#874bf69c6f404c2b5d99c481341399fd55892633"
  integrity sha1-h0v2nG9ATCtdmcSBNBOZ/VWJJjM=

fastq@^1.6.0:
  version "1.8.0"
  resolved "https://registry.npm.taobao.org/fastq/download/fastq-1.8.0.tgz#550e1f9f59bbc65fe185cb6a9b4d95357107f481"
  integrity sha1-VQ4fn1m7xl/hhctqm02VNXEH9IE=
  dependencies:
    reusify "^1.0.4"

fill-range@^7.0.1:
  version "7.0.1"
  resolved "https://registry.npm.taobao.org/fill-range/download/fill-range-7.0.1.tgz#1919a6a7c75fe38b2c7c77e5198535da9acdda40"
  integrity sha1-GRmmp8df44ssfHflGYU12prN2kA=
  dependencies:
    to-regex-range "^5.0.1"

find-cache-dir@^3.3.1:
  version "3.3.1"
  resolved "https://registry.npm.taobao.org/find-cache-dir/download/find-cache-dir-3.3.1.tgz#89b33fad4a4670daa94f855f7fbe31d6d84fe880"
  integrity sha1-ibM/rUpGcNqpT4Vff74x1thP6IA=
  dependencies:
    commondir "^1.0.1"
    make-dir "^3.0.2"
    pkg-dir "^4.1.0"

find-up@^4.0.0:
  version "4.1.0"
  resolved "https://registry.npm.taobao.org/find-up/download/find-up-4.1.0.tgz?cache=0&sync_timestamp=1597169795121&other_urls=https%3A%2F%2Fregistry.npm.taobao.org%2Ffind-up%2Fdownload%2Ffind-up-4.1.0.tgz#97afe7d6cdc0bc5928584b7c8d7b16e8a9aa5d19"
  integrity sha1-l6/n1s3AvFkoWEt8jXsW6KmqXRk=
  dependencies:
    locate-path "^5.0.0"
    path-exists "^4.0.0"

fs-minipass@^2.0.0:
  version "2.1.0"
  resolved "https://registry.npm.taobao.org/fs-minipass/download/fs-minipass-2.1.0.tgz#7f5036fdbf12c63c169190cbe4199c852271f9fb"
  integrity sha1-f1A2/b8SxjwWkZDL5BmchSJx+fs=
  dependencies:
    minipass "^3.0.0"

fs.realpath@^1.0.0:
  version "1.0.0"
  resolved "https://registry.npm.taobao.org/fs.realpath/download/fs.realpath-1.0.0.tgz#1504ad2523158caa40db4a2787cb01411994ea4f"
  integrity sha1-FQStJSMVjKpA20onh8sBQRmU6k8=

glob-parent@^5.1.0, glob-parent@^5.1.1:
  version "5.1.1"
  resolved "https://registry.npm.taobao.org/glob-parent/download/glob-parent-5.1.1.tgz#b6c1ef417c4e5663ea498f1c45afac6916bbc229"
  integrity sha1-tsHvQXxOVmPqSY8cRa+saRa7wik=
  dependencies:
    is-glob "^4.0.1"

glob@^7.1.3, glob@^7.1.4:
  version "7.1.6"
  resolved "https://registry.npm.taobao.org/glob/download/glob-7.1.6.tgz#141f33b81a7c2492e125594307480c46679278a6"
  integrity sha1-FB8zuBp8JJLhJVlDB0gMRmeSeKY=
  dependencies:
    fs.realpath "^1.0.0"
    inflight "^1.0.4"
    inherits "2"
    minimatch "^3.0.4"
    once "^1.3.0"
    path-is-absolute "^1.0.0"

globby@^11.0.1:
  version "11.0.1"
  resolved "https://registry.npm.taobao.org/globby/download/globby-11.0.1.tgz#9a2bf107a068f3ffeabc49ad702c79ede8cfd357"
  integrity sha1-mivxB6Bo8//qvEmtcCx57ejP01c=
  dependencies:
    array-union "^2.1.0"
    dir-glob "^3.0.1"
    fast-glob "^3.1.1"
    ignore "^5.1.4"
    merge2 "^1.3.0"
    slash "^3.0.0"

ignore@^5.1.4:
  version "5.1.8"
  resolved "https://registry.npm.taobao.org/ignore/download/ignore-5.1.8.tgz#f150a8b50a34289b33e22f5889abd4d8016f0e57"
  integrity sha1-8VCotQo0KJsz4i9YiavU2AFvDlc=

imurmurhash@^0.1.4:
  version "0.1.4"
  resolved "https://registry.npm.taobao.org/imurmurhash/download/imurmurhash-0.1.4.tgz#9218b9b2b928a238b13dc4fb6b6d576f231453ea"
  integrity sha1-khi5srkoojixPcT7a21XbyMUU+o=

indent-string@^4.0.0:
  version "4.0.0"
  resolved "https://registry.npm.taobao.org/indent-string/download/indent-string-4.0.0.tgz#624f8f4497d619b2d9768531d58f4122854d7251"
  integrity sha1-Yk+PRJfWGbLZdoUx1Y9BIoVNclE=

infer-owner@^1.0.4:
  version "1.0.4"
  resolved "https://registry.npm.taobao.org/infer-owner/download/infer-owner-1.0.4.tgz#c4cefcaa8e51051c2a40ba2ce8a3d27295af9467"
  integrity sha1-xM78qo5RBRwqQLos6KPScpWvlGc=

inflight@^1.0.4:
  version "1.0.6"
  resolved "https://registry.npm.taobao.org/inflight/download/inflight-1.0.6.tgz#49bd6331d7d02d0c09bc910a1075ba8165b56df9"
  integrity sha1-Sb1jMdfQLQwJvJEKEHW6gWW1bfk=
  dependencies:
    once "^1.3.0"
    wrappy "1"

inherits@2:
  version "2.0.4"
  resolved "https://registry.npm.taobao.org/inherits/download/inherits-2.0.4.tgz#0fa2c64f932917c3433a0ded55363aae37416b7c"
  integrity sha1-D6LGT5MpF8NDOg3tVTY6rjdBa3w=

is-extglob@^2.1.1:
  version "2.1.1"
  resolved "https://registry.npm.taobao.org/is-extglob/download/is-extglob-2.1.1.tgz#a88c02535791f02ed37c76a1b9ea9773c833f8c2"
  integrity sha1-qIwCU1eR8C7TfHahueqXc8gz+MI=

is-glob@^4.0.1:
  version "4.0.1"
  resolved "https://registry.npm.taobao.org/is-glob/download/is-glob-4.0.1.tgz#7567dbe9f2f5e2467bc77ab83c4a29482407a5dc"
  integrity sha1-dWfb6fL14kZ7x3q4PEopSCQHpdw=
  dependencies:
    is-extglob "^2.1.1"

is-number@^7.0.0:
  version "7.0.0"
  resolved "https://registry.npm.taobao.org/is-number/download/is-number-7.0.0.tgz#7535345b896734d5f80c4d06c50955527a14f12b"
  integrity sha1-dTU0W4lnNNX4DE0GxQlVUnoU8Ss=

jquery@^3.5.1:
  version "3.5.1"
  resolved "https://registry.yarnpkg.com/jquery/-/jquery-3.5.1.tgz#d7b4d08e1bfdb86ad2f1a3d039ea17304717abb5"
  integrity sha512-XwIBPqcMn57FxfT+Go5pzySnm4KWkT1Tv7gjrpT1srtf8Weynl6R273VJ5GjkRb51IzMp5nbaPjJXMWeju2MKg==

json-schema-traverse@^0.4.1:
  version "0.4.1"
  resolved "https://registry.npm.taobao.org/json-schema-traverse/download/json-schema-traverse-0.4.1.tgz#69f6a87d9513ab8bb8fe63bdb0979c448e684660"
  integrity sha1-afaofZUTq4u4/mO9sJecRI5oRmA=

json5@^2.1.2:
  version "2.1.3"
  resolved "https://registry.npm.taobao.org/json5/download/json5-2.1.3.tgz#c9b0f7fa9233bfe5807fe66fcf3a5617ed597d43"
  integrity sha1-ybD3+pIzv+WAf+ZvzzpWF+1ZfUM=
  dependencies:
    minimist "^1.2.5"

loader-utils@^2.0.0:
  version "2.0.0"
  resolved "https://registry.npm.taobao.org/loader-utils/download/loader-utils-2.0.0.tgz#e4cace5b816d425a166b5f097e10cd12b36064b0"
  integrity sha1-5MrOW4FtQloWa18JfhDNErNgZLA=
  dependencies:
    big.js "^5.2.2"
    emojis-list "^3.0.0"
    json5 "^2.1.2"

locate-path@^5.0.0:
  version "5.0.0"
  resolved "https://registry.npm.taobao.org/locate-path/download/locate-path-5.0.0.tgz#1afba396afd676a6d42504d0a67a3a7eb9f62aa0"
  integrity sha1-Gvujlq/WdqbUJQTQpno6frn2KqA=
  dependencies:
    p-locate "^4.1.0"

lru-cache@^6.0.0:
  version "6.0.0"
  resolved "https://registry.npm.taobao.org/lru-cache/download/lru-cache-6.0.0.tgz?cache=0&sync_timestamp=1594427573763&other_urls=https%3A%2F%2Fregistry.npm.taobao.org%2Flru-cache%2Fdownload%2Flru-cache-6.0.0.tgz#6d6fe6570ebd96aaf90fcad1dafa3b2566db3a94"
  integrity sha1-bW/mVw69lqr5D8rR2vo7JWbbOpQ=
  dependencies:
    yallist "^4.0.0"

make-dir@^3.0.2:
  version "3.1.0"
  resolved "https://registry.npm.taobao.org/make-dir/download/make-dir-3.1.0.tgz#415e967046b3a7f1d185277d84aa58203726a13f"
  integrity sha1-QV6WcEazp/HRhSd9hKpYIDcmoT8=
  dependencies:
    semver "^6.0.0"

merge2@^1.3.0:
  version "1.4.1"
  resolved "https://registry.npm.taobao.org/merge2/download/merge2-1.4.1.tgz#4368892f885e907455a6fd7dc55c0c9d404990ae"
  integrity sha1-Q2iJL4hekHRVpv19xVwMnUBJkK4=

micromatch@^4.0.2:
  version "4.0.2"
  resolved "https://registry.npm.taobao.org/micromatch/download/micromatch-4.0.2.tgz#4fcb0999bf9fbc2fcbdd212f6d629b9a56c39259"
  integrity sha1-T8sJmb+fvC/L3SEvbWKbmlbDklk=
  dependencies:
    braces "^3.0.1"
    picomatch "^2.0.5"

minimatch@^3.0.4:
  version "3.0.4"
  resolved "https://registry.npm.taobao.org/minimatch/download/minimatch-3.0.4.tgz#5166e286457f03306064be5497e8dbb0c3d32083"
  integrity sha1-UWbihkV/AzBgZL5Ul+jbsMPTIIM=
  dependencies:
    brace-expansion "^1.1.7"

minimist@^1.2.5:
  version "1.2.5"
  resolved "https://registry.npm.taobao.org/minimist/download/minimist-1.2.5.tgz#67d66014b66a6a8aaa0c083c5fd58df4e4e97602"
  integrity sha1-Z9ZgFLZqaoqqDAg8X9WN9OTpdgI=

minipass-collect@^1.0.2:
  version "1.0.2"
  resolved "https://registry.npm.taobao.org/minipass-collect/download/minipass-collect-1.0.2.tgz#22b813bf745dc6edba2576b940022ad6edc8c617"
  integrity sha1-IrgTv3Rdxu26JXa5QAIq1u3Ixhc=
  dependencies:
    minipass "^3.0.0"

minipass-flush@^1.0.5:
  version "1.0.5"
  resolved "https://registry.npm.taobao.org/minipass-flush/download/minipass-flush-1.0.5.tgz#82e7135d7e89a50ffe64610a787953c4c4cbb373"
  integrity sha1-gucTXX6JpQ/+ZGEKeHlTxMTLs3M=
  dependencies:
    minipass "^3.0.0"

minipass-pipeline@^1.2.2:
  version "1.2.4"
  resolved "https://registry.npm.taobao.org/minipass-pipeline/download/minipass-pipeline-1.2.4.tgz?cache=0&sync_timestamp=1595998531778&other_urls=https%3A%2F%2Fregistry.npm.taobao.org%2Fminipass-pipeline%2Fdownload%2Fminipass-pipeline-1.2.4.tgz#68472f79711c084657c067c5c6ad93cddea8214c"
  integrity sha1-aEcveXEcCEZXwGfFxq2Tzd6oIUw=
  dependencies:
    minipass "^3.0.0"

minipass@^3.0.0, minipass@^3.1.1:
  version "3.1.3"
  resolved "https://registry.npm.taobao.org/minipass/download/minipass-3.1.3.tgz#7d42ff1f39635482e15f9cdb53184deebd5815fd"
  integrity sha1-fUL/HzljVILhX5zbUxhN7r1YFf0=
  dependencies:
    yallist "^4.0.0"

minizlib@^2.1.1:
  version "2.1.2"
  resolved "https://registry.npm.taobao.org/minizlib/download/minizlib-2.1.2.tgz?cache=0&sync_timestamp=1597445621090&other_urls=https%3A%2F%2Fregistry.npm.taobao.org%2Fminizlib%2Fdownload%2Fminizlib-2.1.2.tgz#e90d3466ba209b932451508a11ce3d3632145931"
  integrity sha1-6Q00Zrogm5MkUVCKEc49NjIUWTE=
  dependencies:
    minipass "^3.0.0"
    yallist "^4.0.0"

mkdirp@^1.0.3, mkdirp@^1.0.4:
  version "1.0.4"
  resolved "https://registry.npm.taobao.org/mkdirp/download/mkdirp-1.0.4.tgz#3eb5ed62622756d79a5f0e2a221dfebad75c2f7e"
  integrity sha1-PrXtYmInVteaXw4qIh3+utdcL34=

normalize-path@^3.0.0:
  version "3.0.0"
  resolved "https://registry.npm.taobao.org/normalize-path/download/normalize-path-3.0.0.tgz#0dcd69ff23a1c9b11fd0978316644a0388216a65"
  integrity sha1-Dc1p/yOhybEf0JeDFmRKA4ghamU=

once@^1.3.0:
  version "1.4.0"
  resolved "https://registry.npm.taobao.org/once/download/once-1.4.0.tgz#583b1aa775961d4b113ac17d9c50baef9dd76bd1"
  integrity sha1-WDsap3WWHUsROsF9nFC6753Xa9E=
  dependencies:
    wrappy "1"

p-limit@^2.2.0:
  version "2.3.0"
  resolved "https://registry.npm.taobao.org/p-limit/download/p-limit-2.3.0.tgz?cache=0&sync_timestamp=1594559711554&other_urls=https%3A%2F%2Fregistry.npm.taobao.org%2Fp-limit%2Fdownload%2Fp-limit-2.3.0.tgz#3dd33c647a214fdfffd835933eb086da0dc21db1"
  integrity sha1-PdM8ZHohT9//2DWTPrCG2g3CHbE=
  dependencies:
    p-try "^2.0.0"

p-limit@^3.0.1:
  version "3.0.2"
  resolved "https://registry.npm.taobao.org/p-limit/download/p-limit-3.0.2.tgz?cache=0&sync_timestamp=1594559711554&other_urls=https%3A%2F%2Fregistry.npm.taobao.org%2Fp-limit%2Fdownload%2Fp-limit-3.0.2.tgz#1664e010af3cadc681baafd3e2a437be7b0fb5fe"
  integrity sha1-FmTgEK88rcaBuq/T4qQ3vnsPtf4=
  dependencies:
    p-try "^2.0.0"

p-locate@^4.1.0:
  version "4.1.0"
  resolved "https://registry.npm.taobao.org/p-locate/download/p-locate-4.1.0.tgz?cache=0&sync_timestamp=1597081369770&other_urls=https%3A%2F%2Fregistry.npm.taobao.org%2Fp-locate%2Fdownload%2Fp-locate-4.1.0.tgz#a3428bb7088b3a60292f66919278b7c297ad4f07"
  integrity sha1-o0KLtwiLOmApL2aRkni3wpetTwc=
  dependencies:
    p-limit "^2.2.0"

p-map@^4.0.0:
  version "4.0.0"
  resolved "https://registry.npm.taobao.org/p-map/download/p-map-4.0.0.tgz#bb2f95a5eda2ec168ec9274e06a747c3e2904d2b"
  integrity sha1-uy+Vpe2i7BaOySdOBqdHw+KQTSs=
  dependencies:
    aggregate-error "^3.0.0"

p-try@^2.0.0:
  version "2.2.0"
  resolved "https://registry.npm.taobao.org/p-try/download/p-try-2.2.0.tgz#cb2868540e313d61de58fafbe35ce9004d5540e6"
  integrity sha1-yyhoVA4xPWHeWPr741zpAE1VQOY=

path-exists@^4.0.0:
  version "4.0.0"
  resolved "https://registry.npm.taobao.org/path-exists/download/path-exists-4.0.0.tgz#513bdbe2d3b95d7762e8c1137efa195c6c61b5b3"
  integrity sha1-UTvb4tO5XXdi6METfvoZXGxhtbM=

path-is-absolute@^1.0.0:
  version "1.0.1"
  resolved "https://registry.npm.taobao.org/path-is-absolute/download/path-is-absolute-1.0.1.tgz#174b9268735534ffbc7ace6bf53a5a9e1b5c5f5f"
  integrity sha1-F0uSaHNVNP+8es5r9TpanhtcX18=

path-type@^4.0.0:
  version "4.0.0"
  resolved "https://registry.npm.taobao.org/path-type/download/path-type-4.0.0.tgz#84ed01c0a7ba380afe09d90a8c180dcd9d03043b"
  integrity sha1-hO0BwKe6OAr+CdkKjBgNzZ0DBDs=

picomatch@^2.0.5, picomatch@^2.2.1:
  version "2.2.2"
  resolved "https://registry.npm.taobao.org/picomatch/download/picomatch-2.2.2.tgz#21f333e9b6b8eaff02468f5146ea406d345f4dad"
  integrity sha1-IfMz6ba46v8CRo9RRupAbTRfTa0=

pkg-dir@^4.1.0:
  version "4.2.0"
  resolved "https://registry.npm.taobao.org/pkg-dir/download/pkg-dir-4.2.0.tgz#f099133df7ede422e81d1d8448270eeb3e4261f3"
  integrity sha1-8JkTPfft5CLoHR2ESCcO6z5CYfM=
  dependencies:
    find-up "^4.0.0"

promise-inflight@^1.0.1:
  version "1.0.1"
  resolved "https://registry.npm.taobao.org/promise-inflight/download/promise-inflight-1.0.1.tgz#98472870bf228132fcbdd868129bad12c3c029e3"
  integrity sha1-mEcocL8igTL8vdhoEputEsPAKeM=

punycode@^2.1.0:
  version "2.1.1"
  resolved "https://registry.npm.taobao.org/punycode/download/punycode-2.1.1.tgz#b58b010ac40c22c5657616c8d2c2c02c7bf479ec"
  integrity sha1-tYsBCsQMIsVldhbI0sLALHv0eew=

randombytes@^2.1.0:
  version "2.1.0"
  resolved "https://registry.npm.taobao.org/randombytes/download/randombytes-2.1.0.tgz#df6f84372f0270dc65cdf6291349ab7a473d4f2a"
  integrity sha1-32+ENy8CcNxlzfYpE0mrekc9Tyo=
  dependencies:
    safe-buffer "^5.1.0"

reusify@^1.0.4:
  version "1.0.4"
  resolved "https://registry.npm.taobao.org/reusify/download/reusify-1.0.4.tgz#90da382b1e126efc02146e90845a88db12925d76"
  integrity sha1-kNo4Kx4SbvwCFG6QhFqI2xKSXXY=

rimraf@^3.0.2:
  version "3.0.2"
  resolved "https://registry.npm.taobao.org/rimraf/download/rimraf-3.0.2.tgz#f1a5402ba6220ad52cc1282bac1ae3aa49fd061a"
  integrity sha1-8aVAK6YiCtUswSgrrBrjqkn9Bho=
  dependencies:
    glob "^7.1.3"

run-parallel@^1.1.9:
  version "1.1.9"
  resolved "https://registry.npm.taobao.org/run-parallel/download/run-parallel-1.1.9.tgz#c9dd3a7cf9f4b2c4b6244e173a6ed866e61dd679"
  integrity sha1-yd06fPn0ssS2JE4XOm7YZuYd1nk=

safe-buffer@^5.1.0:
  version "5.2.1"
  resolved "https://registry.npm.taobao.org/safe-buffer/download/safe-buffer-5.2.1.tgz#1eaf9fa9bdb1fdd4ec75f58f9cdb4e6b7827eec6"
  integrity sha1-Hq+fqb2x/dTsdfWPnNtOa3gn7sY=

schema-utils@^2.7.0:
  version "2.7.0"
  resolved "https://registry.npm.taobao.org/schema-utils/download/schema-utils-2.7.0.tgz#17151f76d8eae67fbbf77960c33c676ad9f4efc7"
  integrity sha1-FxUfdtjq5n+793lgwzxnatn078c=
  dependencies:
    "@types/json-schema" "^7.0.4"
    ajv "^6.12.2"
    ajv-keywords "^3.4.1"

semver@^6.0.0:
  version "6.3.0"
  resolved "https://registry.npm.taobao.org/semver/download/semver-6.3.0.tgz#ee0a64c8af5e8ceea67687b133761e1becbd1d3d"
  integrity sha1-7gpkyK9ejO6mdoexM3YeG+y9HT0=

serialize-javascript@^4.0.0:
  version "4.0.0"
  resolved "https://registry.npm.taobao.org/serialize-javascript/download/serialize-javascript-4.0.0.tgz?cache=0&sync_timestamp=1591623621018&other_urls=https%3A%2F%2Fregistry.npm.taobao.org%2Fserialize-javascript%2Fdownload%2Fserialize-javascript-4.0.0.tgz#b525e1238489a5ecfc42afacc3fe99e666f4b1aa"
  integrity sha1-tSXhI4SJpez8Qq+sw/6Z5mb0sao=
  dependencies:
    randombytes "^2.1.0"

slash@^3.0.0:
  version "3.0.0"
  resolved "https://registry.npm.taobao.org/slash/download/slash-3.0.0.tgz#6539be870c165adbd5240220dbe361f1bc4d4634"
  integrity sha1-ZTm+hwwWWtvVJAIg2+Nh8bxNRjQ=

source-list-map@^2.0.0:
  version "2.0.1"
  resolved "https://registry.npm.taobao.org/source-list-map/download/source-list-map-2.0.1.tgz#3993bd873bfc48479cca9ea3a547835c7c154b34"
  integrity sha1-OZO9hzv8SEecyp6jpUeDXHwVSzQ=

source-map@~0.6.1:
  version "0.6.1"
  resolved "https://registry.npm.taobao.org/source-map/download/source-map-0.6.1.tgz#74722af32e9614e9c287a8d0bbde48b5e2f1a263"
  integrity sha1-dHIq8y6WFOnCh6jQu95IteLxomM=

ssri@^8.0.0:
  version "8.0.0"
  resolved "https://registry.npm.taobao.org/ssri/download/ssri-8.0.0.tgz#79ca74e21f8ceaeddfcb4b90143c458b8d988808"
  integrity sha1-ecp04h+M6u3fy0uQFDxFi42YiAg=
  dependencies:
    minipass "^3.1.1"

tar@^6.0.2:
  version "6.0.5"
  resolved "https://registry.npm.taobao.org/tar/download/tar-6.0.5.tgz?cache=0&sync_timestamp=1597445621518&other_urls=https%3A%2F%2Fregistry.npm.taobao.org%2Ftar%2Fdownload%2Ftar-6.0.5.tgz#bde815086e10b39f1dcd298e89d596e1535e200f"
  integrity sha1-vegVCG4Qs58dzSmOidWW4VNeIA8=
  dependencies:
    chownr "^2.0.0"
    fs-minipass "^2.0.0"
    minipass "^3.0.0"
    minizlib "^2.1.1"
    mkdirp "^1.0.3"
    yallist "^4.0.0"

to-regex-range@^5.0.1:
  version "5.0.1"
  resolved "https://registry.npm.taobao.org/to-regex-range/download/to-regex-range-5.0.1.tgz#1648c44aae7c8d988a326018ed72f5b4dd0392e4"
  integrity sha1-FkjESq58jZiKMmAY7XL1tN0DkuQ=
  dependencies:
    is-number "^7.0.0"

unique-filename@^1.1.1:
  version "1.1.1"
  resolved "https://registry.npm.taobao.org/unique-filename/download/unique-filename-1.1.1.tgz#1d69769369ada0583103a1e6ae87681b56573230"
  integrity sha1-HWl2k2mtoFgxA6HmrodoG1ZXMjA=
  dependencies:
    unique-slug "^2.0.0"

unique-slug@^2.0.0:
  version "2.0.2"
  resolved "https://registry.npm.taobao.org/unique-slug/download/unique-slug-2.0.2.tgz#baabce91083fc64e945b0f3ad613e264f7cd4e6c"
  integrity sha1-uqvOkQg/xk6UWw861hPiZPfNTmw=
  dependencies:
    imurmurhash "^0.1.4"

uri-js@^4.2.2:
  version "4.2.2"
  resolved "https://registry.npm.taobao.org/uri-js/download/uri-js-4.2.2.tgz#94c540e1ff772956e2299507c010aea6c8838eb0"
  integrity sha1-lMVA4f93KVbiKZUHwBCupsiDjrA=
  dependencies:
    punycode "^2.1.0"

webpack-sources@^1.4.3:
  version "1.4.3"
  resolved "https://registry.npm.taobao.org/webpack-sources/download/webpack-sources-1.4.3.tgz#eedd8ec0b928fbf1cbfe994e22d2d890f330a933"
  integrity sha1-7t2OwLko+/HL/plOItLYkPMwqTM=
  dependencies:
    source-list-map "^2.0.0"
    source-map "~0.6.1"

wrappy@1:
  version "1.0.2"
  resolved "https://registry.npm.taobao.org/wrappy/download/wrappy-1.0.2.tgz#b5243d8f3ec1aa35f1364605bc0d1036e30ab69f"
  integrity sha1-tSQ9jz7BqjXxNkYFvA0QNuMKtp8=

yallist@^4.0.0:
  version "4.0.0"
  resolved "https://registry.npm.taobao.org/yallist/download/yallist-4.0.0.tgz#9bb92790d9c0effec63be73519e11a35019a3a72"
  integrity sha1-m7knkNnA7/7GO+c1GeEaNQGaOnI=
